// !$*UTF8*$!
{
	archiveVersion = 1;
	classes = {
	};
	objectVersion = 50;
	objects = {

/* Begin PBXBuildFile section */
		ABD6080B2396E88F0086202D /* AppDelegate.m in Sources */ = {isa = PBXBuildFile; fileRef = ABD6080A2396E88F0086202D /* AppDelegate.m */; };
		ABD6080E2396E88F0086202D /* SceneDelegate.m in Sources */ = {isa = PBXBuildFile; fileRef = ABD6080D2396E88F0086202D /* SceneDelegate.m */; };
		ABD608142396E88F0086202D /* Main.storyboard in Resources */ = {isa = PBXBuildFile; fileRef = ABD608122396E88F0086202D /* Main.storyboard */; };
		ABD608162396E8900086202D /* Assets.xcassets in Resources */ = {isa = PBXBuildFile; fileRef = ABD608152396E8900086202D /* Assets.xcassets */; };
		ABD608192396E8900086202D /* LaunchScreen.storyboard in Resources */ = {isa = PBXBuildFile; fileRef = ABD608172396E8900086202D /* LaunchScreen.storyboard */; };
		ABD6081C2396E8900086202D /* main.m in Sources */ = {isa = PBXBuildFile; fileRef = ABD6081B2396E8900086202D /* main.m */; };
		ABD608292396ED340086202D /* DVMCard.m in Sources */ = {isa = PBXBuildFile; fileRef = ABD608282396ED340086202D /* DVMCard.m */; };
		ABD6082C239708BF0086202D /* DVMCardController.m in Sources */ = {isa = PBXBuildFile; fileRef = ABD6082B239708BF0086202D /* DVMCardController.m */; };
/* End PBXBuildFile section */

/* Begin PBXFileReference section */
		ABD608062396E88F0086202D /* DeckOfOneCardObjC.app */ = {isa = PBXFileReference; explicitFileType = wrapper.application; includeInIndex = 0; path = DeckOfOneCardObjC.app; sourceTree = BUILT_PRODUCTS_DIR; };
		ABD608092396E88F0086202D /* AppDelegate.h */ = {isa = PBXFileReference; lastKnownFileType = sourcecode.c.h; path = AppDelegate.h; sourceTree = "<group>"; };
		ABD6080A2396E88F0086202D /* AppDelegate.m */ = {isa = PBXFileReference; lastKnownFileType = sourcecode.c.objc; path = AppDelegate.m; sourceTree = "<group>"; };
		ABD6080C2396E88F0086202D /* SceneDelegate.h */ = {isa = PBXFileReference; lastKnownFileType = sourcecode.c.h; path = SceneDelegate.h; sourceTree = "<group>"; };
		ABD6080D2396E88F0086202D /* SceneDelegate.m */ = {isa = PBXFileReference; lastKnownFileType = sourcecode.c.objc; path = SceneDelegate.m; sourceTree = "<group>"; };
		ABD608132396E88F0086202D /* Base */ = {isa = PBXFileReference; lastKnownFileType = file.storyboard; name = Base; path = Base.lproj/Main.storyboard; sourceTree = "<group>"; };
		ABD608152396E8900086202D /* Assets.xcassets */ = {isa = PBXFileReference; lastKnownFileType = folder.assetcatalog; path = Assets.xcassets; sourceTree = "<group>"; };
		ABD608182396E8900086202D /* Base */ = {isa = PBXFileReference; lastKnownFileType = file.storyboard; name = Base; path = Base.lproj/LaunchScreen.storyboard; sourceTree = "<group>"; };
		ABD6081A2396E8900086202D /* Info.plist */ = {isa = PBXFileReference; lastKnownFileType = text.plist.xml; path = Info.plist; sourceTree = "<group>"; };
		ABD6081B2396E8900086202D /* main.m */ = {isa = PBXFileReference; lastKnownFileType = sourcecode.c.objc; path = main.m; sourceTree = "<group>"; };
		ABD608272396ED340086202D /* DVMCard.h */ = {isa = PBXFileReference; lastKnownFileType = sourcecode.c.h; path = DVMCard.h; sourceTree = "<group>"; };
		ABD608282396ED340086202D /* DVMCard.m */ = {isa = PBXFileReference; lastKnownFileType = sourcecode.c.objc; path = DVMCard.m; sourceTree = "<group>"; };
		ABD6082A239708BF0086202D /* DVMCardController.h */ = {isa = PBXFileReference; lastKnownFileType = sourcecode.c.h; path = DVMCardController.h; sourceTree = "<group>"; };
		ABD6082B239708BF0086202D /* DVMCardController.m */ = {isa = PBXFileReference; lastKnownFileType = sourcecode.c.objc; path = DVMCardController.m; sourceTree = "<group>"; };
/* End PBXFileReference section */

/* Begin PBXFrameworksBuildPhase section */
		ABD608032396E88F0086202D /* Frameworks */ = {
			isa = PBXFrameworksBuildPhase;
			buildActionMask = 2147483647;
			files = (
			);
			runOnlyForDeploymentPostprocessing = 0;
		};
/* End PBXFrameworksBuildPhase section */

/* Begin PBXGroup section */
		ABD607FD2396E88F0086202D = {
			isa = PBXGroup;
			children = (
				ABD608082396E88F0086202D /* DeckOfOneCardObjC */,
				ABD608072396E88F0086202D /* Products */,
			);
			sourceTree = "<group>";
		};
		ABD608072396E88F0086202D /* Products */ = {
			isa = PBXGroup;
			children = (
				ABD608062396E88F0086202D /* DeckOfOneCardObjC.app */,
			);
			name = Products;
			sourceTree = "<group>";
		};
		ABD608082396E88F0086202D /* DeckOfOneCardObjC */ = {
			isa = PBXGroup;
			children = (
				ABD608252396E9970086202D /* Model Controllers */,
				ABD608242396E9910086202D /* View Controllers */,
				ABD608232396E9880086202D /* Models */,
				ABD608222396E8A60086202D /* Resources */,
				ABD608262396E9A20086202D /* Storyboards */,
			);
			path = DeckOfOneCardObjC;
			sourceTree = "<group>";
		};
		ABD608222396E8A60086202D /* Resources */ = {
			isa = PBXGroup;
			children = (
				ABD608092396E88F0086202D /* AppDelegate.h */,
				ABD6080A2396E88F0086202D /* AppDelegate.m */,
				ABD6080C2396E88F0086202D /* SceneDelegate.h */,
				ABD6080D2396E88F0086202D /* SceneDelegate.m */,
				ABD608152396E8900086202D /* Assets.xcassets */,
				ABD6081A2396E8900086202D /* Info.plist */,
				ABD6081B2396E8900086202D /* main.m */,
			);
			path = Resources;
			sourceTree = "<group>";
		};
		ABD608232396E9880086202D /* Models */ = {
			isa = PBXGroup;
			children = (
				ABD608272396ED340086202D /* DVMCard.h */,
				ABD608282396ED340086202D /* DVMCard.m */,
			);
			path = Models;
			sourceTree = "<group>";
		};
		ABD608242396E9910086202D /* View Controllers */ = {
			isa = PBXGroup;
			children = (
			);
			path = "View Controllers";
			sourceTree = "<group>";
		};
		ABD608252396E9970086202D /* Model Controllers */ = {
			isa = PBXGroup;
			children = (
				ABD6082A239708BF0086202D /* DVMCardController.h */,
				ABD6082B239708BF0086202D /* DVMCardController.m */,
			);
			path = "Model Controllers";
			sourceTree = "<group>";
		};
		ABD608262396E9A20086202D /* Storyboards */ = {
			isa = PBXGroup;
			children = (
				ABD608122396E88F0086202D /* Main.storyboard */,
				ABD608172396E8900086202D /* LaunchScreen.storyboard */,
			);
			path = Storyboards;
			sourceTree = "<group>";
		};
/* End PBXGroup section */

/* Begin PBXNativeTarget section */
		ABD608052396E88F0086202D /* DeckOfOneCardObjC */ = {
			isa = PBXNativeTarget;
			buildConfigurationList = ABD6081F2396E8900086202D /* Build configuration list for PBXNativeTarget "DeckOfOneCardObjC" */;
			buildPhases = (
				ABD608022396E88F0086202D /* Sources */,
				ABD608032396E88F0086202D /* Frameworks */,
				ABD608042396E88F0086202D /* Resources */,
			);
			buildRules = (
			);
			dependencies = (
			);
			name = DeckOfOneCardObjC;
			productName = DeckOfOneCardObjC;
			productReference = ABD608062396E88F0086202D /* DeckOfOneCardObjC.app */;
			productType = "com.apple.product-type.application";
		};
/* End PBXNativeTarget section */

/* Begin PBXProject section */
		ABD607FE2396E88F0086202D /* Project object */ = {
			isa = PBXProject;
			attributes = {
				LastUpgradeCheck = 1120;
				ORGANIZATIONNAME = "Aaron Shackelford";
				TargetAttributes = {
					ABD608052396E88F0086202D = {
						CreatedOnToolsVersion = 11.2.1;
					};
				};
			};
			buildConfigurationList = ABD608012396E88F0086202D /* Build configuration list for PBXProject "DeckOfOneCardObjC" */;
			compatibilityVersion = "Xcode 9.3";
			developmentRegion = en;
			hasScannedForEncodings = 0;
			knownRegions = (
				en,
				Base,
			);
			mainGroup = ABD607FD2396E88F0086202D;
			productRefGroup = ABD608072396E88F0086202D /* Products */;
			projectDirPath = "";
			projectRoot = "";
			targets = (
				ABD608052396E88F0086202D /* DeckOfOneCardObjC */,
			);
		};
/* End PBXProject section */

/* Begin PBXResourcesBuildPhase section */
		ABD608042396E88F0086202D /* Resources */ = {
			isa = PBXResourcesBuildPhase;
			buildActionMask = 2147483647;
			files = (
				ABD608192396E8900086202D /* LaunchScreen.storyboard in Resources */,
				ABD608162396E8900086202D /* Assets.xcassets in Resources */,
				ABD608142396E88F0086202D /* Main.storyboard in Resources */,
			);
			runOnlyForDeploymentPostprocessing = 0;
		};
/* End PBXResourcesBuildPhase section */

/* Begin PBXSourcesBuildPhase section */
		ABD608022396E88F0086202D /* Sources */ = {
			isa = PBXSourcesBuildPhase;
			buildActionMask = 2147483647;
			files = (
				ABD6080B2396E88F0086202D /* AppDelegate.m in Sources */,
				ABD6082C239708BF0086202D /* DVMCardController.m in Sources */,
				ABD608292396ED340086202D /* DVMCard.m in Sources */,
				ABD6081C2396E8900086202D /* main.m in Sources */,
				ABD6080E2396E88F0086202D /* SceneDelegate.m in Sources */,
			);
			runOnlyForDeploymentPostprocessing = 0;
		};
/* End PBXSourcesBuildPhase section */

/* Begin PBXVariantGroup section */
		ABD608122396E88F0086202D /* Main.storyboard */ = {
			isa = PBXVariantGroup;
			children = (
				ABD608132396E88F0086202D /* Base */,
			);
			name = Main.storyboard;
			sourceTree = "<group>";
		};
		ABD608172396E8900086202D /* LaunchScreen.storyboard */ = {
			isa = PBXVariantGroup;
			children = (
				ABD608182396E8900086202D /* Base */,
			);
			name = LaunchScreen.storyboard;
			sourceTree = "<group>";
		};
/* End PBXVariantGroup section */

/* Begin XCBuildConfiguration section */
		ABD6081D2396E8900086202D /* Debug */ = {
			isa = XCBuildConfiguration;
			buildSettings = {
				ALWAYS_SEARCH_USER_PATHS = NO;
				CLANG_ANALYZER_NONNULL = YES;
				CLANG_ANALYZER_NUMBER_OBJECT_CONVERSION = YES_AGGRESSIVE;
				CLANG_CXX_LANGUAGE_STANDARD = "gnu++14";
				CLANG_CXX_LIBRARY = "libc++";
				CLANG_ENABLE_MODULES = YES;
				CLANG_ENABLE_OBJC_ARC = YES;
				CLANG_ENABLE_OBJC_WEAK = YES;
				CLANG_WARN_BLOCK_CAPTURE_AUTORELEASING = YES;
				CLANG_WARN_BOOL_CONVERSION = YES;
				CLANG_WARN_COMMA = YES;
				CLANG_WARN_CONSTANT_CONVERSION = YES;
				CLANG_WARN_DEPRECATED_OBJC_IMPLEMENTATIONS = YES;
				CLANG_WARN_DIRECT_OBJC_ISA_USAGE = YES_ERROR;
				CLANG_WARN_DOCUMENTATION_COMMENTS = YES;
				CLANG_WARN_EMPTY_BODY = YES;
				CLANG_WARN_ENUM_CONVERSION = YES;
				CLANG_WARN_INFINITE_RECURSION = YES;
				CLANG_WARN_INT_CONVERSION = YES;
				CLANG_WARN_NON_LITERAL_NULL_CONVERSION = YES;
				CLANG_WARN_OBJC_IMPLICIT_RETAIN_SELF = YES;
				CLANG_WARN_OBJC_LITERAL_CONVERSION = YES;
				CLANG_WARN_OBJC_ROOT_CLASS = YES_ERROR;
				CLANG_WARN_RANGE_LOOP_ANALYSIS = YES;
				CLANG_WARN_STRICT_PROTOTYPES = YES;
				CLANG_WARN_SUSPICIOUS_MOVE = YES;
				CLANG_WARN_UNGUARDED_AVAILABILITY = YES_AGGRESSIVE;
				CLANG_WARN_UNREACHABLE_CODE = YES;
				CLANG_WARN__DUPLICATE_METHOD_MATCH = YES;
				COPY_PHASE_STRIP = NO;
				DEBUG_INFORMATION_FORMAT = dwarf;
				ENABLE_STRICT_OBJC_MSGSEND = YES;
				ENABLE_TESTABILITY = YES;
				GCC_C_LANGUAGE_STANDARD = gnu11;
				GCC_DYNAMIC_NO_PIC = NO;
				GCC_NO_COMMON_BLOCKS = YES;
				GCC_OPTIMIZATION_LEVEL = 0;
				GCC_PREPROCESSOR_DEFINITIONS = (
					"DEBUG=1",
					"$(inherited)",
				);
				GCC_WARN_64_TO_32_BIT_CONVERSION = YES;
				GCC_WARN_ABOUT_RETURN_TYPE = YES_ERROR;
				GCC_WARN_UNDECLARED_SELECTOR = YES;
				GCC_WARN_UNINITIALIZED_AUTOS = YES_AGGRESSIVE;
				GCC_WARN_UNUSED_FUNCTION = YES;
				GCC_WARN_UNUSED_VARIABLE = YES;
				IPHONEOS_DEPLOYMENT_TARGET = 13.2;
				MTL_ENABLE_DEBUG_INFO = INCLUDE_SOURCE;
				MTL_FAST_MATH = YES;
				ONLY_ACTIVE_ARCH = YES;
				SDKROOT = iphoneos;
			};
			name = Debug;
		};
		ABD6081E2396E8900086202D /* Release */ = {
			isa = XCBuildConfiguration;
			buildSettings = {
				ALWAYS_SEARCH_USER_PATHS = NO;
				CLANG_ANALYZER_NONNULL = YES;
				CLANG_ANALYZER_NUMBER_OBJECT_CONVERSION = YES_AGGRESSIVE;
				CLANG_CXX_LANGUAGE_STANDARD = "gnu++14";
				CLANG_CXX_LIBRARY = "libc++";
				CLANG_ENABLE_MODULES = YES;
				CLANG_ENABLE_OBJC_ARC = YES;
				CLANG_ENABLE_OBJC_WEAK = YES;
				CLANG_WARN_BLOCK_CAPTURE_AUTORELEASING = YES;
				CLANG_WARN_BOOL_CONVERSION = YES;
				CLANG_WARN_COMMA = YES;
				CLANG_WARN_CONSTANT_CONVERSION = YES;
				CLANG_WARN_DEPRECATED_OBJC_IMPLEMENTATIONS = YES;
				CLANG_WARN_DIRECT_OBJC_ISA_USAGE = YES_ERROR;
				CLANG_WARN_DOCUMENTATION_COMMENTS = YES;
				CLANG_WARN_EMPTY_BODY = YES;
				CLANG_WARN_ENUM_CONVERSION = YES;
				CLANG_WARN_INFINITE_RECURSION = YES;
				CLANG_WARN_INT_CONVERSION = YES;
				CLANG_WARN_NON_LITERAL_NULL_CONVERSION = YES;
				CLANG_WARN_OBJC_IMPLICIT_RETAIN_SELF = YES;
				CLANG_WARN_OBJC_LITERAL_CONVERSION = YES;
				CLANG_WARN_OBJC_ROOT_CLASS = YES_ERROR;
				CLANG_WARN_RANGE_LOOP_ANALYSIS = YES;
				CLANG_WARN_STRICT_PROTOTYPES = YES;
				CLANG_WARN_SUSPICIOUS_MOVE = YES;
				CLANG_WARN_UNGUARDED_AVAILABILITY = YES_AGGRESSIVE;
				CLANG_WARN_UNREACHABLE_CODE = YES;
				CLANG_WARN__DUPLICATE_METHOD_MATCH = YES;
				COPY_PHASE_STRIP = NO;
				DEBUG_INFORMATION_FORMAT = "dwarf-with-dsym";
				ENABLE_NS_ASSERTIONS = NO;
				ENABLE_STRICT_OBJC_MSGSEND = YES;
				GCC_C_LANGUAGE_STANDARD = gnu11;
				GCC_NO_COMMON_BLOCKS = YES;
				GCC_WARN_64_TO_32_BIT_CONVERSION = YES;
				GCC_WARN_ABOUT_RETURN_TYPE = YES_ERROR;
				GCC_WARN_UNDECLARED_SELECTOR = YES;
				GCC_WARN_UNINITIALIZED_AUTOS = YES_AGGRESSIVE;
				GCC_WARN_UNUSED_FUNCTION = YES;
				GCC_WARN_UNUSED_VARIABLE = YES;
				IPHONEOS_DEPLOYMENT_TARGET = 13.2;
				MTL_ENABLE_DEBUG_INFO = NO;
				MTL_FAST_MATH = YES;
				SDKROOT = iphoneos;
				VALIDATE_PRODUCT = YES;
			};
			name = Release;
		};
		ABD608202396E8900086202D /* Debug */ = {
			isa = XCBuildConfiguration;
			buildSettings = {
				ASSETCATALOG_COMPILER_APPICON_NAME = AppIcon;
				CODE_SIGN_STYLE = Automatic;
				DEVELOPMENT_TEAM = 69Y2XBHVDM;
				INFOPLIST_FILE = DeckOfOneCardObjC/Resources/Info.plist;
				LD_RUNPATH_SEARCH_PATHS = (
					"$(inherited)",
					"@executable_path/Frameworks",
				);
				PRODUCT_BUNDLE_IDENTIFIER = com.var7.DeckOfOneCardObjC;
				PRODUCT_NAME = "$(TARGET_NAME)";
				TARGETED_DEVICE_FAMILY = "1,2";
			};
			name = Debug;
		};
		ABD608212396E8900086202D /* Release */ = {
			isa = XCBuildConfiguration;
			buildSettings = {
				ASSETCATALOG_COMPILER_APPICON_NAME = AppIcon;
				CODE_SIGN_STYLE = Automatic;
				DEVELOPMENT_TEAM = 69Y2XBHVDM;
				INFOPLIST_FILE = DeckOfOneCardObjC/Resources/Info.plist;
				LD_RUNPATH_SEARCH_PATHS = (
					"$(inherited)",
					"@executable_path/Frameworks",
				);
				PRODUCT_BUNDLE_IDENTIFIER = com.var7.DeckOfOneCardObjC;
				PRODUCT_NAME = "$(TARGET_NAME)";
				TARGETED_DEVICE_FAMILY = "1,2";
			};
			name = Release;
		};
/* End XCBuildConfiguration section */

/* Begin XCConfigurationList section */
		ABD608012396E88F0086202D /* Build configuration list for PBXProject "DeckOfOneCardObjC" */ = {
			isa = XCConfigurationList;
			buildConfigurations = (
				ABD6081D2396E8900086202D /* Debug */,
				ABD6081E2396E8900086202D /* Release */,
			);
			defaultConfigurationIsVisible = 0;
			defaultConfigurationName = Release;
		};
		ABD6081F2396E8900086202D /* Build configuration list for PBXNativeTarget "DeckOfOneCardObjC" */ = {
			isa = XCConfigurationList;
			buildConfigurations = (
				ABD608202396E8900086202D /* Debug */,
				ABD608212396E8900086202D /* Release */,
			);
			defaultConfigurationIsVisible = 0;
			defaultConfigurationName = Release;
		};
/* End XCConfigurationList section */
	};
	rootObject = ABD607FE2396E88F0086202D /* Project object */;
}
